// !$*UTF8*$!
{
	archiveVersion = 1;
	classes = {
	};
	objectVersion = 46;
	objects = {

/* Begin PBXFileReference section */
		8881A8D413332D9A007F0D7B /* lapi.c */ = {isa = PBXFileReference; lastKnownFileType = sourcecode.c.c; path = lapi.c; sourceTree = "<group>"; };
		8881A8D513332D9A007F0D7B /* lapi.h */ = {isa = PBXFileReference; lastKnownFileType = sourcecode.c.h; path = lapi.h; sourceTree = "<group>"; };
		8881A8D613332D9A007F0D7B /* lauxlib.c */ = {isa = PBXFileReference; lastKnownFileType = sourcecode.c.c; path = lauxlib.c; sourceTree = "<group>"; };
		8881A8D713332D9A007F0D7B /* lauxlib.h */ = {isa = PBXFileReference; lastKnownFileType = sourcecode.c.h; path = lauxlib.h; sourceTree = "<group>"; };
		8881A8D813332D9A007F0D7B /* lbaselib.c */ = {isa = PBXFileReference; lastKnownFileType = sourcecode.c.c; path = lbaselib.c; sourceTree = "<group>"; };
		8881A8D913332D9A007F0D7B /* lcode.c */ = {isa = PBXFileReference; lastKnownFileType = sourcecode.c.c; path = lcode.c; sourceTree = "<group>"; };
		8881A8DA13332D9A007F0D7B /* lcode.h */ = {isa = PBXFileReference; lastKnownFileType = sourcecode.c.h; path = lcode.h; sourceTree = "<group>"; };
		8881A8DB13332D9A007F0D7B /* ldblib.c */ = {isa = PBXFileReference; lastKnownFileType = sourcecode.c.c; path = ldblib.c; sourceTree = "<group>"; };
		8881A8DC13332D9A007F0D7B /* ldebug.c */ = {isa = PBXFileReference; lastKnownFileType = sourcecode.c.c; path = ldebug.c; sourceTree = "<group>"; };
		8881A8DD13332D9A007F0D7B /* ldebug.h */ = {isa = PBXFileReference; lastKnownFileType = sourcecode.c.h; path = ldebug.h; sourceTree = "<group>"; };
		8881A8DE13332D9A007F0D7B /* ldo.c */ = {isa = PBXFileReference; lastKnownFileType = sourcecode.c.c; path = ldo.c; sourceTree = "<group>"; };
		8881A8DF13332D9A007F0D7B /* ldo.h */ = {isa = PBXFileReference; lastKnownFileType = sourcecode.c.h; path = ldo.h; sourceTree = "<group>"; };
		8881A8E013332D9A007F0D7B /* ldump.c */ = {isa = PBXFileReference; lastKnownFileType = sourcecode.c.c; path = ldump.c; sourceTree = "<group>"; };
		8881A8E113332D9A007F0D7B /* lfunc.c */ = {isa = PBXFileReference; lastKnownFileType = sourcecode.c.c; path = lfunc.c; sourceTree = "<group>"; };
		8881A8E213332D9A007F0D7B /* lfunc.h */ = {isa = PBXFileReference; lastKnownFileType = sourcecode.c.h; path = lfunc.h; sourceTree = "<group>"; };
		8881A8E313332D9A007F0D7B /* lgc.c */ = {isa = PBXFileReference; lastKnownFileType = sourcecode.c.c; path = lgc.c; sourceTree = "<group>"; };
		8881A8E413332D9A007F0D7B /* lgc.h */ = {isa = PBXFileReference; lastKnownFileType = sourcecode.c.h; path = lgc.h; sourceTree = "<group>"; };
		8881A8E513332D9A007F0D7B /* linit.c */ = {isa = PBXFileReference; lastKnownFileType = sourcecode.c.c; path = linit.c; sourceTree = "<group>"; };
		8881A8E613332D9A007F0D7B /* liolib.c */ = {isa = PBXFileReference; lastKnownFileType = sourcecode.c.c; path = liolib.c; sourceTree = "<group>"; };
		8881A8E713332D9A007F0D7B /* llex.c */ = {isa = PBXFileReference; lastKnownFileType = sourcecode.c.c; path = llex.c; sourceTree = "<group>"; };
		8881A8E813332D9A007F0D7B /* llex.h */ = {isa = PBXFileReference; lastKnownFileType = sourcecode.c.h; path = llex.h; sourceTree = "<group>"; };
		8881A8E913332D9A007F0D7B /* llimits.h */ = {isa = PBXFileReference; lastKnownFileType = sourcecode.c.h; path = llimits.h; sourceTree = "<group>"; };
		8881A8EA13332D9A007F0D7B /* lmathlib.c */ = {isa = PBXFileReference; lastKnownFileType = sourcecode.c.c; path = lmathlib.c; sourceTree = "<group>"; };
		8881A8EB13332D9A007F0D7B /* lmem.c */ = {isa = PBXFileReference; lastKnownFileType = sourcecode.c.c; path = lmem.c; sourceTree = "<group>"; };
		8881A8EC13332D9A007F0D7B /* lmem.h */ = {isa = PBXFileReference; lastKnownFileType = sourcecode.c.h; path = lmem.h; sourceTree = "<group>"; };
		8881A8ED13332D9A007F0D7B /* loadlib.c */ = {isa = PBXFileReference; lastKnownFileType = sourcecode.c.c; path = loadlib.c; sourceTree = "<group>"; };
		8881A8EE13332D9A007F0D7B /* lobject.c */ = {isa = PBXFileReference; lastKnownFileType = sourcecode.c.c; path = lobject.c; sourceTree = "<group>"; };
		8881A8EF13332D9A007F0D7B /* lobject.h */ = {isa = PBXFileReference; lastKnownFileType = sourcecode.c.h; path = lobject.h; sourceTree = "<group>"; };
		8881A8F013332D9A007F0D7B /* lopcodes.c */ = {isa = PBXFileReference; lastKnownFileType = sourcecode.c.c; path = lopcodes.c; sourceTree = "<group>"; };
		8881A8F113332D9A007F0D7B /* lopcodes.h */ = {isa = PBXFileReference; lastKnownFileType = sourcecode.c.h; path = lopcodes.h; sourceTree = "<group>"; };
		8881A8F213332D9A007F0D7B /* loslib.c */ = {isa = PBXFileReference; lastKnownFileType = sourcecode.c.c; path = loslib.c; sourceTree = "<group>"; };
		8881A8F313332D9A007F0D7B /* lparser.c */ = {isa = PBXFileReference; lastKnownFileType = sourcecode.c.c; path = lparser.c; sourceTree = "<group>"; };
		8881A8F413332D9A007F0D7B /* lparser.h */ = {isa = PBXFileReference; lastKnownFileType = sourcecode.c.h; path = lparser.h; sourceTree = "<group>"; };
		8881A8F513332D9A007F0D7B /* lstate.c */ = {isa = PBXFileReference; lastKnownFileType = sourcecode.c.c; path = lstate.c; sourceTree = "<group>"; };
		8881A8F613332D9A007F0D7B /* lstate.h */ = {isa = PBXFileReference; lastKnownFileType = sourcecode.c.h; path = lstate.h; sourceTree = "<group>"; };
		8881A8F713332D9A007F0D7B /* lstring.c */ = {isa = PBXFileReference; lastKnownFileType = sourcecode.c.c; path = lstring.c; sourceTree = "<group>"; };
		8881A8F813332D9A007F0D7B /* lstring.h */ = {isa = PBXFileReference; lastKnownFileType = sourcecode.c.h; path = lstring.h; sourceTree = "<group>"; };
		8881A8F913332D9A007F0D7B /* lstrlib.c */ = {isa = PBXFileReference; lastKnownFileType = sourcecode.c.c; path = lstrlib.c; sourceTree = "<group>"; };
		8881A8FA13332D9A007F0D7B /* ltable.c */ = {isa = PBXFileReference; lastKnownFileType = sourcecode.c.c; path = ltable.c; sourceTree = "<group>"; };
		8881A8FB13332D9A007F0D7B /* ltable.h */ = {isa = PBXFileReference; lastKnownFileType = sourcecode.c.h; path = ltable.h; sourceTree = "<group>"; };
		8881A8FC13332D9A007F0D7B /* ltablib.c */ = {isa = PBXFileReference; lastKnownFileType = sourcecode.c.c; path = ltablib.c; sourceTree = "<group>"; };
		8881A8FD13332D9A007F0D7B /* ltm.c */ = {isa = PBXFileReference; lastKnownFileType = sourcecode.c.c; path = ltm.c; sourceTree = "<group>"; };
		8881A8FE13332D9A007F0D7B /* ltm.h */ = {isa = PBXFileReference; lastKnownFileType = sourcecode.c.h; path = ltm.h; sourceTree = "<group>"; };
		8881A8FF13332D9A007F0D7B /* lua.h */ = {isa = PBXFileReference; lastKnownFileType = sourcecode.c.h; path = lua.h; sourceTree = "<group>"; };
		8881A90013332D9A007F0D7B /* luaconf.h */ = {isa = PBXFileReference; lastKnownFileType = sourcecode.c.h; path = luaconf.h; sourceTree = "<group>"; };
		8881A90113332D9A007F0D7B /* lualib.h */ = {isa = PBXFileReference; lastKnownFileType = sourcecode.c.h; path = lualib.h; sourceTree = "<group>"; };
		8881A90213332D9A007F0D7B /* lundump.c */ = {isa = PBXFileReference; lastKnownFileType = sourcecode.c.c; path = lundump.c; sourceTree = "<group>"; };
		8881A90313332D9A007F0D7B /* lundump.h */ = {isa = PBXFileReference; lastKnownFileType = sourcecode.c.h; path = lundump.h; sourceTree = "<group>"; };
		8881A90413332D9A007F0D7B /* lvm.c */ = {isa = PBXFileReference; lastKnownFileType = sourcecode.c.c; path = lvm.c; sourceTree = "<group>"; };
		8881A90513332D9A007F0D7B /* lvm.h */ = {isa = PBXFileReference; lastKnownFileType = sourcecode.c.h; path = lvm.h; sourceTree = "<group>"; };
		8881A90613332D9A007F0D7B /* lzio.c */ = {isa = PBXFileReference; lastKnownFileType = sourcecode.c.c; path = lzio.c; sourceTree = "<group>"; };
		8881A90713332D9A007F0D7B /* lzio.h */ = {isa = PBXFileReference; lastKnownFileType = sourcecode.c.h; path = lzio.h; sourceTree = "<group>"; };
		8881A90813332D9A007F0D7B /* Makefile */ = {isa = PBXFileReference; lastKnownFileType = sourcecode.make; path = Makefile; sourceTree = "<group>"; };
		8881A90913332D9A007F0D7B /* pluto.c */ = {isa = PBXFileReference; lastKnownFileType = sourcecode.c.c; path = pluto.c; sourceTree = "<group>"; };
		8881A90A13332D9A007F0D7B /* pluto.h */ = {isa = PBXFileReference; lastKnownFileType = sourcecode.c.h; path = pluto.h; sourceTree = "<group>"; };
		8881A90B13332D9A007F0D7B /* print.c */ = {isa = PBXFileReference; lastKnownFileType = sourcecode.c.c; path = print.c; sourceTree = "<group>"; };
/* End PBXFileReference section */

/* Begin PBXGroup section */
		8881A8CC13332D9A007F0D7B = {
			isa = PBXGroup;
			children = (
				8881A8D413332D9A007F0D7B /* lapi.c */,
				8881A8D513332D9A007F0D7B /* lapi.h */,
				8881A8D613332D9A007F0D7B /* lauxlib.c */,
				8881A8D713332D9A007F0D7B /* lauxlib.h */,
				8881A8D813332D9A007F0D7B /* lbaselib.c */,
				8881A8D913332D9A007F0D7B /* lcode.c */,
				8881A8DA13332D9A007F0D7B /* lcode.h */,
				8881A8DB13332D9A007F0D7B /* ldblib.c */,
				8881A8DC13332D9A007F0D7B /* ldebug.c */,
				8881A8DD13332D9A007F0D7B /* ldebug.h */,
				8881A8DE13332D9A007F0D7B /* ldo.c */,
				8881A8DF13332D9A007F0D7B /* ldo.h */,
				8881A8E013332D9A007F0D7B /* ldump.c */,
				8881A8E113332D9A007F0D7B /* lfunc.c */,
				8881A8E213332D9A007F0D7B /* lfunc.h */,
				8881A8E313332D9A007F0D7B /* lgc.c */,
				8881A8E413332D9A007F0D7B /* lgc.h */,
				8881A8E513332D9A007F0D7B /* linit.c */,
				8881A8E613332D9A007F0D7B /* liolib.c */,
				8881A8E713332D9A007F0D7B /* llex.c */,
				8881A8E813332D9A007F0D7B /* llex.h */,
				8881A8E913332D9A007F0D7B /* llimits.h */,
				8881A8EA13332D9A007F0D7B /* lmathlib.c */,
				8881A8EB13332D9A007F0D7B /* lmem.c */,
				8881A8EC13332D9A007F0D7B /* lmem.h */,
				8881A8ED13332D9A007F0D7B /* loadlib.c */,
				8881A8EE13332D9A007F0D7B /* lobject.c */,
				8881A8EF13332D9A007F0D7B /* lobject.h */,
				8881A8F013332D9A007F0D7B /* lopcodes.c */,
				8881A8F113332D9A007F0D7B /* lopcodes.h */,
				8881A8F213332D9A007F0D7B /* loslib.c */,
				8881A8F313332D9A007F0D7B /* lparser.c */,
				8881A8F413332D9A007F0D7B /* lparser.h */,
				8881A8F513332D9A007F0D7B /* lstate.c */,
				8881A8F613332D9A007F0D7B /* lstate.h */,
				8881A8F713332D9A007F0D7B /* lstring.c */,
				8881A8F813332D9A007F0D7B /* lstring.h */,
				8881A8F913332D9A007F0D7B /* lstrlib.c */,
				8881A8FA13332D9A007F0D7B /* ltable.c */,
				8881A8FB13332D9A007F0D7B /* ltable.h */,
				8881A8FC13332D9A007F0D7B /* ltablib.c */,
				8881A8FD13332D9A007F0D7B /* ltm.c */,
				8881A8FE13332D9A007F0D7B /* ltm.h */,
				8881A8FF13332D9A007F0D7B /* lua.h */,
				8881A90013332D9A007F0D7B /* luaconf.h */,
				8881A90113332D9A007F0D7B /* lualib.h */,
				8881A90213332D9A007F0D7B /* lundump.c */,
				8881A90313332D9A007F0D7B /* lundump.h */,
				8881A90413332D9A007F0D7B /* lvm.c */,
				8881A90513332D9A007F0D7B /* lvm.h */,
				8881A90613332D9A007F0D7B /* lzio.c */,
				8881A90713332D9A007F0D7B /* lzio.h */,
				8881A90813332D9A007F0D7B /* Makefile */,
				8881A90913332D9A007F0D7B /* pluto.c */,
				8881A90A13332D9A007F0D7B /* pluto.h */,
				8881A90B13332D9A007F0D7B /* print.c */,
			);
			sourceTree = "<group>";
		};
/* End PBXGroup section */

/* Begin PBXLegacyTarget section */
		8881A8D313332D9A007F0D7B /* src */ = {
			isa = PBXLegacyTarget;
			buildArgumentsString = "$(ACTION)";
			buildConfigurationList = 8881A90C13332D9A007F0D7B /* Build configuration list for PBXLegacyTarget "src" */;
			buildPhases = (
			);
			buildToolPath = /usr/bin/make;
			buildWorkingDirectory = /Users/darkfall/SoraGit/Plugins/SoraLua/LuaPlus/src;
			dependencies = (
			);
			name = src;
			passBuildSettingsInEnvironment = 1;
			productName = src;
		};
/* End PBXLegacyTarget section */

/* Begin PBXProject section */
		8881A8CE13332D9A007F0D7B /* Project object */ = {
			isa = PBXProject;
			buildConfigurationList = 8881A8D113332D9A007F0D7B /* Build configuration list for PBXProject "src" */;
			compatibilityVersion = "Xcode 3.2";
			developmentRegion = English;
			hasScannedForEncodings = 0;
			knownRegions = (
				en,
			);
			mainGroup = 8881A8CC13332D9A007F0D7B;
			projectDirPath = "";
			projectRoot = "";
			targets = (
				8881A8D313332D9A007F0D7B /* src */,
			);
		};
/* End PBXProject section */

/* Begin XCBuildConfiguration section */
		8881A8CF13332D9A007F0D7B /* Debug */ = {
			isa = XCBuildConfiguration;
			buildSettings = {
				ARCHS = "$(ARCHS_STANDARD_32_BIT)";
				COPY_PHASE_STRIP = NO;
				GCC_WARN_ABOUT_RETURN_TYPE = YES;
				GCC_WARN_UNUSED_VARIABLE = YES;
				ONLY_ACTIVE_ARCH = YES;
				SDKROOT = macosx10.6;
			};
			name = Debug;
		};
		8881A8D013332D9A007F0D7B /* Release */ = {
			isa = XCBuildConfiguration;
			buildSettings = {
				ARCHS = "$(ARCHS_STANDARD_32_BIT)";
				COPY_PHASE_STRIP = YES;
				GCC_WARN_ABOUT_RETURN_TYPE = YES;
				GCC_WARN_UNUSED_VARIABLE = YES;
				SDKROOT = macosx10.6;
			};
			name = Release;
		};
		8881A90D13332D9A007F0D7B /* Debug */ = {
			isa = XCBuildConfiguration;
			buildSettings = {
				COPY_PHASE_STRIP = NO;
				DEBUGGING_SYMBOLS = YES;
				GCC_DYNAMIC_NO_PIC = NO;
				GCC_ENABLE_FIX_AND_CONTINUE = YES;
				GCC_GENERATE_DEBUGGING_SYMBOLS = YES;
				GCC_OPTIMIZATION_LEVEL = 0;
				OTHER_CFLAGS = "";
				OTHER_LDFLAGS = "";
				PRODUCT_NAME = src;
			};
			name = Debug;
		};
		8881A90E13332D9A007F0D7B /* Release */ = {
			isa = XCBuildConfiguration;
			buildSettings = {
				COPY_PHASE_STRIP = YES;
				DEBUG_INFORMATION_FORMAT = "dwarf-with-dsym";
				GCC_ENABLE_FIX_AND_CONTINUE = NO;
				OTHER_CFLAGS = "";
				OTHER_LDFLAGS = "";
				PRODUCT_NAME = src;
			};
			name = Release;
		};
/* End XCBuildConfiguration section */

/* Begin XCConfigurationList section */
		8881A8D113332D9A007F0D7B /* Build configuration list for PBXProject "src" */ = {
			isa = XCConfigurationList;
			buildConfigurations = (
				8881A8CF13332D9A007F0D7B /* Debug */,
				8881A8D013332D9A007F0D7B /* Release */,
			);
			defaultConfigurationIsVisible = 0;
			defaultConfigurationName = Release;
		};
		8881A90C13332D9A007F0D7B /* Build configuration list for PBXLegacyTarget "src" */ = {
			isa = XCConfigurationList;
			buildConfigurations = (
				8881A90D13332D9A007F0D7B /* Debug */,
				8881A90E13332D9A007F0D7B /* Release */,
			);
			defaultConfigurationIsVisible = 0;
			defaultConfigurationName = Release;
		};
/* End XCConfigurationList section */
	};
	rootObject = 8881A8CE13332D9A007F0D7B /* Project object */;
}
