<?xml version="1.0" encoding="utf-8"?>
<Project ToolsVersion="4.0" xmlns="http://schemas.microsoft.com/developer/msbuild/2003">
  <ItemGroup>
    <Filter Include="源文件">
      <UniqueIdentifier>{4FC737F1-C7A5-4376-A066-2A32D752A2FF}</UniqueIdentifier>
      <Extensions>cpp;c;cc;cxx;def;odl;idl;hpj;bat;asm;asmx</Extensions>
    </Filter>
    <Filter Include="资源文件">
      <UniqueIdentifier>{67DA6AB6-F800-4c08-8B7A-83BB121AAD01}</UniqueIdentifier>
      <Extensions>rc;ico;cur;bmp;dlg;rc2;rct;bin;rgs;gif;jpg;jpeg;jpe;resx;tiff;tif;png;wav;mfcribbon-ms</Extensions>
    </Filter>
    <Filter Include="Sora">
      <UniqueIdentifier>{d7b233b7-ef0c-40a6-8e19-ab4095e53692}</UniqueIdentifier>
    </Filter>
    <Filter Include="Plugins">
      <UniqueIdentifier>{69700beb-cdd0-4211-b9c3-a37fa853e5a1}</UniqueIdentifier>
    </Filter>
    <Filter Include="Plugins\SoraHGERenderer">
      <UniqueIdentifier>{5665c1d2-f8ea-4b40-b9aa-613a2655c2b3}</UniqueIdentifier>
    </Filter>
    <Filter Include="Plugins\SoraZipResourceManager">
      <UniqueIdentifier>{4cb08ff0-4e75-4e4f-a3ae-eeb93f0a9505}</UniqueIdentifier>
    </Filter>
    <Filter Include="Plugins\SoraFTFont">
      <UniqueIdentifier>{1dbe96c8-bbef-472a-9b28-03b86a86b667}</UniqueIdentifier>
    </Filter>
    <Filter Include="Plugins\SoraParticleSystem">
      <UniqueIdentifier>{2ceb9ad3-5619-4f25-a259-131bd8458e2f}</UniqueIdentifier>
    </Filter>
    <Filter Include="Plugins\SoraGUIChan">
      <UniqueIdentifier>{b9137eb3-2314-498e-8759-71c68544c9ab}</UniqueIdentifier>
    </Filter>
    <Filter Include="Plugins\SoraGUIChan\GUIChan">
      <UniqueIdentifier>{98196d91-fa50-46b2-bb8a-7ef7d0407592}</UniqueIdentifier>
    </Filter>
    <Filter Include="Plugins\Darklib">
      <UniqueIdentifier>{8f1c4901-0827-4a25-97a0-4371a8f0b6e0}</UniqueIdentifier>
    </Filter>
  </ItemGroup>
  <ItemGroup>
    <None Include="ReadMe.txt" />
  </ItemGroup>
  <ItemGroup>
    <ClInclude Include="..\..\Sora\AutoList.h">
      <Filter>Sora</Filter>
    </ClInclude>
    <ClInclude Include="..\..\Sora\common.h">
      <Filter>Sora</Filter>
    </ClInclude>
    <ClInclude Include="..\..\Sora\CoreTransform.h">
      <Filter>Sora</Filter>
    </ClInclude>
    <ClInclude Include="..\..\Sora\CoreTransformer.h">
      <Filter>Sora</Filter>
    </ClInclude>
    <ClInclude Include="..\..\Sora\Debug\SoraAutoProfile.h">
      <Filter>Sora</Filter>
    </ClInclude>
    <ClInclude Include="..\..\Sora\Debug\SoraDebugRenderer.h">
      <Filter>Sora</Filter>
    </ClInclude>
    <ClInclude Include="..\..\Sora\Debug\SoraGlobalProfiler.h">
      <Filter>Sora</Filter>
    </ClInclude>
    <ClInclude Include="..\..\Sora\Debug\SoraInternalLogger.h">
      <Filter>Sora</Filter>
    </ClInclude>
    <ClInclude Include="..\..\Sora\Defaults\orz.h">
      <Filter>Sora</Filter>
    </ClInclude>
    <ClInclude Include="..\..\Sora\Defaults\SoraDefaultLogger.h">
      <Filter>Sora</Filter>
    </ClInclude>
    <ClInclude Include="..\..\Sora\Defaults\SoraDefaultMiscTool.h">
      <Filter>Sora</Filter>
    </ClInclude>
    <ClInclude Include="..\..\Sora\Defaults\SoraDefaultTimer.h">
      <Filter>Sora</Filter>
    </ClInclude>
    <ClInclude Include="..\..\Sora\Defaults\SoraMiscTool_OSX.h">
      <Filter>Sora</Filter>
    </ClInclude>
    <ClInclude Include="..\..\Sora\Defaults\SoraMiscTool_Win32.h">
      <Filter>Sora</Filter>
    </ClInclude>
    <ClInclude Include="..\..\Sora\Defaults\SoraOSXTimer.h">
      <Filter>Sora</Filter>
    </ClInclude>
    <ClInclude Include="..\..\Sora\Defaults\SoraTimer_Win32.h">
      <Filter>Sora</Filter>
    </ClInclude>
    <ClInclude Include="..\..\Sora\Defaults\uncopyable.h">
      <Filter>Sora</Filter>
    </ClInclude>
    <ClInclude Include="..\..\Sora\Experimental\FolderTree.h">
      <Filter>Sora</Filter>
    </ClInclude>
    <ClInclude Include="..\..\Sora\Experimental\memory.h">
      <Filter>Sora</Filter>
    </ClInclude>
    <ClInclude Include="..\..\Sora\Experimental\SoraNamedObject.h">
      <Filter>Sora</Filter>
    </ClInclude>
    <ClInclude Include="..\..\Sora\Experimental\state_test.h">
      <Filter>Sora</Filter>
    </ClInclude>
    <ClInclude Include="..\..\Sora\Experimental\tcmalloc_test.h">
      <Filter>Sora</Filter>
    </ClInclude>
    <ClInclude Include="..\..\Sora\graphicEffects.h">
      <Filter>Sora</Filter>
    </ClInclude>
    <ClInclude Include="..\..\Sora\hash.h">
      <Filter>Sora</Filter>
    </ClInclude>
    <ClInclude Include="..\..\Sora\hgerect.h">
      <Filter>Sora</Filter>
    </ClInclude>
    <ClInclude Include="..\..\Sora\hgevector.h">
      <Filter>Sora</Filter>
    </ClInclude>
    <ClInclude Include="..\..\Sora\HoshiNoSora.h">
      <Filter>Sora</Filter>
    </ClInclude>
    <ClInclude Include="..\..\Sora\llexer\llexer.h">
      <Filter>Sora</Filter>
    </ClInclude>
    <ClInclude Include="..\..\Sora\lMemFile.h">
      <Filter>Sora</Filter>
    </ClInclude>
    <ClInclude Include="..\..\Sora\md5lib.h">
      <Filter>Sora</Filter>
    </ClInclude>
    <ClInclude Include="..\..\Sora\osxfilewrapper.h">
      <Filter>Sora</Filter>
    </ClInclude>
    <ClInclude Include="..\..\Sora\quaternion.h">
      <Filter>Sora</Filter>
    </ClInclude>
    <ClInclude Include="..\..\Sora\QuickList.h">
      <Filter>Sora</Filter>
    </ClInclude>
    <ClInclude Include="..\..\Sora\Random\hgeRandom.h">
      <Filter>Sora</Filter>
    </ClInclude>
    <ClInclude Include="..\..\Sora\Random\SFMT-alti.h">
      <Filter>Sora</Filter>
    </ClInclude>
    <ClInclude Include="..\..\Sora\Random\SFMT-params.h">
      <Filter>Sora</Filter>
    </ClInclude>
    <ClInclude Include="..\..\Sora\Random\SFMT-params11213.h">
      <Filter>Sora</Filter>
    </ClInclude>
    <ClInclude Include="..\..\Sora\Random\SFMT-params1279.h">
      <Filter>Sora</Filter>
    </ClInclude>
    <ClInclude Include="..\..\Sora\Random\SFMT-params132049.h">
      <Filter>Sora</Filter>
    </ClInclude>
    <ClInclude Include="..\..\Sora\Random\SFMT-params19937.h">
      <Filter>Sora</Filter>
    </ClInclude>
    <ClInclude Include="..\..\Sora\Random\SFMT-params216091.h">
      <Filter>Sora</Filter>
    </ClInclude>
    <ClInclude Include="..\..\Sora\Random\SFMT-params2281.h">
      <Filter>Sora</Filter>
    </ClInclude>
    <ClInclude Include="..\..\Sora\Random\SFMT-params4253.h">
      <Filter>Sora</Filter>
    </ClInclude>
    <ClInclude Include="..\..\Sora\Random\SFMT-params44497.h">
      <Filter>Sora</Filter>
    </ClInclude>
    <ClInclude Include="..\..\Sora\Random\SFMT-params607.h">
      <Filter>Sora</Filter>
    </ClInclude>
    <ClInclude Include="..\..\Sora\Random\SFMT-params86243.h">
      <Filter>Sora</Filter>
    </ClInclude>
    <ClInclude Include="..\..\Sora\Random\SFMT-sse2.h">
      <Filter>Sora</Filter>
    </ClInclude>
    <ClInclude Include="..\..\Sora\Random\SFMT.h">
      <Filter>Sora</Filter>
    </ClInclude>
    <ClInclude Include="..\..\Sora\Rect4V.h">
      <Filter>Sora</Filter>
    </ClInclude>
    <ClInclude Include="..\..\Sora\Sora2DMatrix.h">
      <Filter>Sora</Filter>
    </ClInclude>
    <ClInclude Include="..\..\Sora\SoraAutoPtr.h">
      <Filter>Sora</Filter>
    </ClInclude>
    <ClInclude Include="..\..\Sora\SoraColor.h">
      <Filter>Sora</Filter>
    </ClInclude>
    <ClInclude Include="..\..\Sora\SoraComponentType.h">
      <Filter>Sora</Filter>
    </ClInclude>
    <ClInclude Include="..\..\Sora\SoraCore.h">
      <Filter>Sora</Filter>
    </ClInclude>
    <ClInclude Include="..\..\Sora\SoraEvent.h">
      <Filter>Sora</Filter>
    </ClInclude>
    <ClInclude Include="..\..\Sora\SoraEventManager.h">
      <Filter>Sora</Filter>
    </ClInclude>
    <ClInclude Include="..\..\Sora\SoraException.h">
      <Filter>Sora</Filter>
    </ClInclude>
    <ClInclude Include="..\..\Sora\SoraFileBase.h">
      <Filter>Sora</Filter>
    </ClInclude>
    <ClInclude Include="..\..\Sora\SoraFileUtility.h">
      <Filter>Sora</Filter>
    </ClInclude>
    <ClInclude Include="..\..\Sora\SoraFolderResourceManager.h">
      <Filter>Sora</Filter>
    </ClInclude>
    <ClInclude Include="..\..\Sora\SoraFont.h">
      <Filter>Sora</Filter>
    </ClInclude>
    <ClInclude Include="..\..\Sora\SoraFontManager.h">
      <Filter>Sora</Filter>
    </ClInclude>
    <ClInclude Include="..\..\Sora\SoraFrameListener.h">
      <Filter>Sora</Filter>
    </ClInclude>
    <ClInclude Include="..\..\Sora\SoraGraphicEffect.h">
      <Filter>Sora</Filter>
    </ClInclude>
    <ClInclude Include="..\..\Sora\SoraImageEffect.h">
      <Filter>Sora</Filter>
    </ClInclude>
    <ClInclude Include="..\..\Sora\SoraInfiniteRendererCallback.h">
      <Filter>Sora</Filter>
    </ClInclude>
    <ClInclude Include="..\..\Sora\SoraInput.h">
      <Filter>Sora</Filter>
    </ClInclude>
    <ClInclude Include="..\..\Sora\soraiOSFileUtility.h">
      <Filter>Sora</Filter>
    </ClInclude>
    <ClInclude Include="..\..\Sora\SoraKeyInfo.h">
      <Filter>Sora</Filter>
    </ClInclude>
    <ClInclude Include="..\..\Sora\SoraLocalizedString.h">
      <Filter>Sora</Filter>
    </ClInclude>
    <ClInclude Include="..\..\Sora\SoraLocalizer.h">
      <Filter>Sora</Filter>
    </ClInclude>
    <ClInclude Include="..\..\Sora\SoraMath.h">
      <Filter>Sora</Filter>
    </ClInclude>
    <ClInclude Include="..\..\Sora\SoraMiscTool.h">
      <Filter>Sora</Filter>
    </ClInclude>
    <ClInclude Include="..\..\Sora\SoraObject.h">
      <Filter>Sora</Filter>
    </ClInclude>
    <ClInclude Include="..\..\Sora\SoraOSXFileUtility.h">
      <Filter>Sora</Filter>
    </ClInclude>
    <ClInclude Include="..\..\Sora\SoraPlatform.h">
      <Filter>Sora</Filter>
    </ClInclude>
    <ClInclude Include="..\..\Sora\SoraPlugin.h">
      <Filter>Sora</Filter>
    </ClInclude>
    <ClInclude Include="..\..\Sora\SoraPluginManager.h">
      <Filter>Sora</Filter>
    </ClInclude>
    <ClInclude Include="..\..\Sora\SoraRenderSystem.h">
      <Filter>Sora</Filter>
    </ClInclude>
    <ClInclude Include="..\..\Sora\SoraRenderTarget.h">
      <Filter>Sora</Filter>
    </ClInclude>
    <ClInclude Include="..\..\Sora\SoraResourceFileFinder.h">
      <Filter>Sora</Filter>
    </ClInclude>
    <ClInclude Include="..\..\Sora\SoraResourceManager.h">
      <Filter>Sora</Filter>
    </ClInclude>
    <ClInclude Include="..\..\Sora\SoraShader.h">
      <Filter>Sora</Filter>
    </ClInclude>
    <ClInclude Include="..\..\Sora\SoraSingleton.h">
      <Filter>Sora</Filter>
    </ClInclude>
    <ClInclude Include="..\..\Sora\SoraSoundFile.h">
      <Filter>Sora</Filter>
    </ClInclude>
    <ClInclude Include="..\..\Sora\SoraSoundFileBase.h">
      <Filter>Sora</Filter>
    </ClInclude>
    <ClInclude Include="..\..\Sora\SoraSoundSystem.h">
      <Filter>Sora</Filter>
    </ClInclude>
    <ClInclude Include="..\..\Sora\SoraSprite.h">
      <Filter>Sora</Filter>
    </ClInclude>
    <ClInclude Include="..\..\Sora\SoraString.h">
      <Filter>Sora</Filter>
    </ClInclude>
    <ClInclude Include="..\..\Sora\SoraStringConv.h">
      <Filter>Sora</Filter>
    </ClInclude>
    <ClInclude Include="..\..\Sora\SoraTexture.h">
      <Filter>Sora</Filter>
    </ClInclude>
    <ClInclude Include="..\..\Sora\SoraTextureMap.h">
      <Filter>Sora</Filter>
    </ClInclude>
    <ClInclude Include="..\..\Sora\SoraTimer.h">
      <Filter>Sora</Filter>
    </ClInclude>
    <ClInclude Include="..\..\Sora\SoraTimerEvent.h">
      <Filter>Sora</Filter>
    </ClInclude>
    <ClInclude Include="..\..\Sora\SoraTypeInfo.h">
      <Filter>Sora</Filter>
    </ClInclude>
    <ClInclude Include="..\..\Sora\SoraWindowInfo.h">
      <Filter>Sora</Filter>
    </ClInclude>
    <ClInclude Include="..\..\Sora\StreamUtility.h">
      <Filter>Sora</Filter>
    </ClInclude>
    <ClInclude Include="..\..\Sora\stringId.h">
      <Filter>Sora</Filter>
    </ClInclude>
    <ClInclude Include="..\..\Sora\TemplateTransformer.h">
      <Filter>Sora</Filter>
    </ClInclude>
    <ClInclude Include="..\..\Sora\tinyXML\tinystr.h">
      <Filter>Sora</Filter>
    </ClInclude>
    <ClInclude Include="..\..\Sora\tinyXML\tinyxml.h">
      <Filter>Sora</Filter>
    </ClInclude>
    <ClInclude Include="..\..\Sora\vector3.h">
      <Filter>Sora</Filter>
    </ClInclude>
    <ClInclude Include="..\..\Sora\win32filewrapper.h">
      <Filter>Sora</Filter>
    </ClInclude>
    <ClInclude Include="..\..\Sora\ZLIB\crc32.h">
      <Filter>Sora</Filter>
    </ClInclude>
    <ClInclude Include="..\..\Sora\ZLIB\crypt.h">
      <Filter>Sora</Filter>
    </ClInclude>
    <ClInclude Include="..\..\Sora\ZLIB\deflate.h">
      <Filter>Sora</Filter>
    </ClInclude>
    <ClInclude Include="..\..\Sora\ZLIB\inffast.h">
      <Filter>Sora</Filter>
    </ClInclude>
    <ClInclude Include="..\..\Sora\ZLIB\inffixed.h">
      <Filter>Sora</Filter>
    </ClInclude>
    <ClInclude Include="..\..\Sora\ZLIB\inflate.h">
      <Filter>Sora</Filter>
    </ClInclude>
    <ClInclude Include="..\..\Sora\ZLIB\inftrees.h">
      <Filter>Sora</Filter>
    </ClInclude>
    <ClInclude Include="..\..\Sora\ZLIB\ioapi.h">
      <Filter>Sora</Filter>
    </ClInclude>
    <ClInclude Include="..\..\Sora\ZLIB\iowin32.h">
      <Filter>Sora</Filter>
    </ClInclude>
    <ClInclude Include="..\..\Sora\ZLIB\mztools.h">
      <Filter>Sora</Filter>
    </ClInclude>
    <ClInclude Include="..\..\Sora\ZLIB\trees.h">
      <Filter>Sora</Filter>
    </ClInclude>
    <ClInclude Include="..\..\Sora\ZLIB\unzip.h">
      <Filter>Sora</Filter>
    </ClInclude>
    <ClInclude Include="..\..\Sora\ZLIB\zconf.h">
      <Filter>Sora</Filter>
    </ClInclude>
    <ClInclude Include="..\..\Sora\ZLIB\zconf.in.h">
      <Filter>Sora</Filter>
    </ClInclude>
    <ClInclude Include="..\..\Sora\ZLIB\zip.h">
      <Filter>Sora</Filter>
    </ClInclude>
    <ClInclude Include="..\..\Sora\ZLIB\zlib.h">
      <Filter>Sora</Filter>
    </ClInclude>
    <ClInclude Include="..\..\Sora\ZLIB\zutil.h">
      <Filter>Sora</Filter>
    </ClInclude>
    <ClInclude Include="MainWindow.h">
      <Filter>源文件</Filter>
    </ClInclude>
    <ClInclude Include="sorainit.hpp">
      <Filter>源文件</Filter>
    </ClInclude>
    <ClInclude Include="..\..\Plugins\SoraHGERenderer\SoraHGEInput.h">
      <Filter>Plugins\SoraHGERenderer</Filter>
    </ClInclude>
    <ClInclude Include="..\..\Plugins\SoraHGERenderer\SoraHGERenderer.h">
      <Filter>Plugins\SoraHGERenderer</Filter>
    </ClInclude>
    <ClInclude Include="..\..\Plugins\SoraHGERenderer\hge\hge.h">
      <Filter>Plugins\SoraHGERenderer</Filter>
    </ClInclude>
    <ClInclude Include="..\..\Plugins\SoraHGERenderer\hge\hgecolor.h">
      <Filter>Plugins\SoraHGERenderer</Filter>
    </ClInclude>
    <ClInclude Include="..\..\Plugins\SoraHGERenderer\hge\hgerect.h">
      <Filter>Plugins\SoraHGERenderer</Filter>
    </ClInclude>
    <ClInclude Include="..\..\Plugins\SoraHGERenderer\hge\hgesprite.h">
      <Filter>Plugins\SoraHGERenderer</Filter>
    </ClInclude>
    <ClInclude Include="..\..\Plugins\SoraHGERenderer\hge\hgevector.h">
      <Filter>Plugins\SoraHGERenderer</Filter>
    </ClInclude>
    <ClInclude Include="..\..\Plugins\SoraHGERenderer\hge\hge_impl.h">
      <Filter>Plugins\SoraHGERenderer</Filter>
    </ClInclude>
    <ClInclude Include="..\..\Plugins\SoraZipResourceManager\PackMemory.h">
      <Filter>Plugins\SoraZipResourceManager</Filter>
    </ClInclude>
    <ClInclude Include="..\..\Plugins\SoraZipResourceManager\PackReader.h">
      <Filter>Plugins\SoraZipResourceManager</Filter>
    </ClInclude>
    <ClInclude Include="..\..\Plugins\SoraZipResourceManager\SoraZipFile.h">
      <Filter>Plugins\SoraZipResourceManager</Filter>
    </ClInclude>
    <ClInclude Include="..\..\Plugins\SoraZipResourceManager\SoraZipResourceManager.h">
      <Filter>Plugins\SoraZipResourceManager</Filter>
    </ClInclude>
    <ClInclude Include="..\..\Plugins\SoraZipResourceManager\MyFileReader.h">
      <Filter>Plugins\SoraZipResourceManager</Filter>
    </ClInclude>
    <ClInclude Include="..\..\Plugins\SoraFreetypeFont\SoraFreetypeFont.h">
      <Filter>Plugins\SoraFTFont</Filter>
    </ClInclude>
    <ClInclude Include="..\..\Plugins\SoraFreetypeFont\SoraFTFontManager.h">
      <Filter>Plugins\SoraFTFont</Filter>
    </ClInclude>
    <ClInclude Include="..\..\Plugins\SoraParticleSystem\SoraParticleSystem.h">
      <Filter>Plugins\SoraParticleSystem</Filter>
    </ClInclude>
    <ClInclude Include="..\..\Plugins\SoraGUIChan\soraguifont.hpp">
      <Filter>Plugins\SoraGUIChan</Filter>
    </ClInclude>
    <ClInclude Include="..\..\Plugins\SoraGUIChan\soraguigraphics.hpp">
      <Filter>Plugins\SoraGUIChan</Filter>
    </ClInclude>
    <ClInclude Include="..\..\Plugins\SoraGUIChan\soraguiimage.hpp">
      <Filter>Plugins\SoraGUIChan</Filter>
    </ClInclude>
    <ClInclude Include="..\..\Plugins\SoraGUIChan\soraguiimageloader.hpp">
      <Filter>Plugins\SoraGUIChan</Filter>
    </ClInclude>
    <ClInclude Include="..\..\Plugins\SoraGUIChan\soraguiinput.hpp">
      <Filter>Plugins\SoraGUIChan</Filter>
    </ClInclude>
    <ClInclude Include="..\..\Plugins\SoraGUIChan\SoraGUIListener.h">
      <Filter>Plugins\SoraGUIChan</Filter>
    </ClInclude>
    <ClInclude Include="..\..\Plugins\SoraGUIChan\SoraGUIResponser.h">
      <Filter>Plugins\SoraGUIChan</Filter>
    </ClInclude>
    <ClInclude Include="..\..\Plugins\SoraGUIChan\SoraGUIResponserMap.h">
      <Filter>Plugins\SoraGUIChan</Filter>
    </ClInclude>
    <ClInclude Include="..\..\Plugins\SoraGUIChan\xmlgui.h">
      <Filter>Plugins\SoraGUIChan</Filter>
    </ClInclude>
    <ClInclude Include="..\..\Plugins\SoraGUIChan\guichan.hpp">
      <Filter>Plugins\SoraGUIChan</Filter>
    </ClInclude>
    <ClInclude Include="..\..\Plugins\SoraGUIChan\guichansora.hpp">
      <Filter>Plugins\SoraGUIChan</Filter>
    </ClInclude>
    <ClInclude Include="..\..\Plugins\SoraGUIChan\SoraGUI.h">
      <Filter>Plugins\SoraGUIChan</Filter>
    </ClInclude>
    <ClInclude Include="..\..\Plugins\SoraGUIChan\guichan\actionevent.hpp">
      <Filter>Plugins\SoraGUIChan\GUIChan</Filter>
    </ClInclude>
    <ClInclude Include="..\..\Plugins\SoraGUIChan\guichan\actionlistener.hpp">
      <Filter>Plugins\SoraGUIChan\GUIChan</Filter>
    </ClInclude>
    <ClInclude Include="..\..\Plugins\SoraGUIChan\guichan\basiccontainer.hpp">
      <Filter>Plugins\SoraGUIChan\GUIChan</Filter>
    </ClInclude>
    <ClInclude Include="..\..\Plugins\SoraGUIChan\guichan\cliprectangle.hpp">
      <Filter>Plugins\SoraGUIChan\GUIChan</Filter>
    </ClInclude>
    <ClInclude Include="..\..\Plugins\SoraGUIChan\guichan\color.hpp">
      <Filter>Plugins\SoraGUIChan\GUIChan</Filter>
    </ClInclude>
    <ClInclude Include="..\..\Plugins\SoraGUIChan\guichan\contrib\widgets\adjustingcontainer.hpp">
      <Filter>Plugins\SoraGUIChan\GUIChan</Filter>
    </ClInclude>
    <ClInclude Include="..\..\Plugins\SoraGUIChan\guichan\deathlistener.hpp">
      <Filter>Plugins\SoraGUIChan\GUIChan</Filter>
    </ClInclude>
    <ClInclude Include="..\..\Plugins\SoraGUIChan\guichan\defaultfont.hpp">
      <Filter>Plugins\SoraGUIChan\GUIChan</Filter>
    </ClInclude>
    <ClInclude Include="..\..\Plugins\SoraGUIChan\guichan\event.hpp">
      <Filter>Plugins\SoraGUIChan\GUIChan</Filter>
    </ClInclude>
    <ClInclude Include="..\..\Plugins\SoraGUIChan\guichan\exception.hpp">
      <Filter>Plugins\SoraGUIChan\GUIChan</Filter>
    </ClInclude>
    <ClInclude Include="..\..\Plugins\SoraGUIChan\guichan\focushandler.hpp">
      <Filter>Plugins\SoraGUIChan\GUIChan</Filter>
    </ClInclude>
    <ClInclude Include="..\..\Plugins\SoraGUIChan\guichan\focuslistener.hpp">
      <Filter>Plugins\SoraGUIChan\GUIChan</Filter>
    </ClInclude>
    <ClInclude Include="..\..\Plugins\SoraGUIChan\guichan\font.hpp">
      <Filter>Plugins\SoraGUIChan\GUIChan</Filter>
    </ClInclude>
    <ClInclude Include="..\..\Plugins\SoraGUIChan\guichan\genericinput.hpp">
      <Filter>Plugins\SoraGUIChan\GUIChan</Filter>
    </ClInclude>
    <ClInclude Include="..\..\Plugins\SoraGUIChan\guichan\graphics.hpp">
      <Filter>Plugins\SoraGUIChan\GUIChan</Filter>
    </ClInclude>
    <ClInclude Include="..\..\Plugins\SoraGUIChan\guichan\gui.hpp">
      <Filter>Plugins\SoraGUIChan\GUIChan</Filter>
    </ClInclude>
    <ClInclude Include="..\..\Plugins\SoraGUIChan\guichan\image.hpp">
      <Filter>Plugins\SoraGUIChan\GUIChan</Filter>
    </ClInclude>
    <ClInclude Include="..\..\Plugins\SoraGUIChan\guichan\imagefont.hpp">
      <Filter>Plugins\SoraGUIChan\GUIChan</Filter>
    </ClInclude>
    <ClInclude Include="..\..\Plugins\SoraGUIChan\guichan\imageloader.hpp">
      <Filter>Plugins\SoraGUIChan\GUIChan</Filter>
    </ClInclude>
    <ClInclude Include="..\..\Plugins\SoraGUIChan\guichan\input.hpp">
      <Filter>Plugins\SoraGUIChan\GUIChan</Filter>
    </ClInclude>
    <ClInclude Include="..\..\Plugins\SoraGUIChan\guichan\inputevent.hpp">
      <Filter>Plugins\SoraGUIChan\GUIChan</Filter>
    </ClInclude>
    <ClInclude Include="..\..\Plugins\SoraGUIChan\guichan\key.hpp">
      <Filter>Plugins\SoraGUIChan\GUIChan</Filter>
    </ClInclude>
    <ClInclude Include="..\..\Plugins\SoraGUIChan\guichan\keyevent.hpp">
      <Filter>Plugins\SoraGUIChan\GUIChan</Filter>
    </ClInclude>
    <ClInclude Include="..\..\Plugins\SoraGUIChan\guichan\keyinput.hpp">
      <Filter>Plugins\SoraGUIChan\GUIChan</Filter>
    </ClInclude>
    <ClInclude Include="..\..\Plugins\SoraGUIChan\guichan\keylistener.hpp">
      <Filter>Plugins\SoraGUIChan\GUIChan</Filter>
    </ClInclude>
    <ClInclude Include="..\..\Plugins\SoraGUIChan\guichan\listmodel.hpp">
      <Filter>Plugins\SoraGUIChan\GUIChan</Filter>
    </ClInclude>
    <ClInclude Include="..\..\Plugins\SoraGUIChan\guichan\mouseevent.hpp">
      <Filter>Plugins\SoraGUIChan\GUIChan</Filter>
    </ClInclude>
    <ClInclude Include="..\..\Plugins\SoraGUIChan\guichan\mouseinput.hpp">
      <Filter>Plugins\SoraGUIChan\GUIChan</Filter>
    </ClInclude>
    <ClInclude Include="..\..\Plugins\SoraGUIChan\guichan\mouselistener.hpp">
      <Filter>Plugins\SoraGUIChan\GUIChan</Filter>
    </ClInclude>
    <ClInclude Include="..\..\Plugins\SoraGUIChan\guichan\platform.hpp">
      <Filter>Plugins\SoraGUIChan\GUIChan</Filter>
    </ClInclude>
    <ClInclude Include="..\..\Plugins\SoraGUIChan\guichan\rectangle.hpp">
      <Filter>Plugins\SoraGUIChan\GUIChan</Filter>
    </ClInclude>
    <ClInclude Include="..\..\Plugins\SoraGUIChan\guichan\selectionevent.hpp">
      <Filter>Plugins\SoraGUIChan\GUIChan</Filter>
    </ClInclude>
    <ClInclude Include="..\..\Plugins\SoraGUIChan\guichan\selectionlistener.hpp">
      <Filter>Plugins\SoraGUIChan\GUIChan</Filter>
    </ClInclude>
    <ClInclude Include="..\..\Plugins\SoraGUIChan\guichan\StringConv.h">
      <Filter>Plugins\SoraGUIChan\GUIChan</Filter>
    </ClInclude>
    <ClInclude Include="..\..\Plugins\SoraGUIChan\guichan\widget.hpp">
      <Filter>Plugins\SoraGUIChan\GUIChan</Filter>
    </ClInclude>
    <ClInclude Include="..\..\Plugins\SoraGUIChan\guichan\widgetlistener.hpp">
      <Filter>Plugins\SoraGUIChan\GUIChan</Filter>
    </ClInclude>
    <ClInclude Include="..\..\Plugins\SoraGUIChan\guichan\widgets\button.hpp">
      <Filter>Plugins\SoraGUIChan\GUIChan</Filter>
    </ClInclude>
    <ClInclude Include="..\..\Plugins\SoraGUIChan\guichan\widgets\checkbox.hpp">
      <Filter>Plugins\SoraGUIChan\GUIChan</Filter>
    </ClInclude>
    <ClInclude Include="..\..\Plugins\SoraGUIChan\guichan\widgets\container.hpp">
      <Filter>Plugins\SoraGUIChan\GUIChan</Filter>
    </ClInclude>
    <ClInclude Include="..\..\Plugins\SoraGUIChan\guichan\widgets\dropdown.hpp">
      <Filter>Plugins\SoraGUIChan\GUIChan</Filter>
    </ClInclude>
    <ClInclude Include="..\..\Plugins\SoraGUIChan\guichan\widgets\icon.hpp">
      <Filter>Plugins\SoraGUIChan\GUIChan</Filter>
    </ClInclude>
    <ClInclude Include="..\..\Plugins\SoraGUIChan\guichan\widgets\imagebutton.hpp">
      <Filter>Plugins\SoraGUIChan\GUIChan</Filter>
    </ClInclude>
    <ClInclude Include="..\..\Plugins\SoraGUIChan\guichan\widgets\label.hpp">
      <Filter>Plugins\SoraGUIChan\GUIChan</Filter>
    </ClInclude>
    <ClInclude Include="..\..\Plugins\SoraGUIChan\guichan\widgets\listbox.hpp">
      <Filter>Plugins\SoraGUIChan\GUIChan</Filter>
    </ClInclude>
    <ClInclude Include="..\..\Plugins\SoraGUIChan\guichan\widgets\radiobutton.hpp">
      <Filter>Plugins\SoraGUIChan\GUIChan</Filter>
    </ClInclude>
    <ClInclude Include="..\..\Plugins\SoraGUIChan\guichan\widgets\scrollarea.hpp">
      <Filter>Plugins\SoraGUIChan\GUIChan</Filter>
    </ClInclude>
    <ClInclude Include="..\..\Plugins\SoraGUIChan\guichan\widgets\slider.hpp">
      <Filter>Plugins\SoraGUIChan\GUIChan</Filter>
    </ClInclude>
    <ClInclude Include="..\..\Plugins\SoraGUIChan\guichan\widgets\tab.hpp">
      <Filter>Plugins\SoraGUIChan\GUIChan</Filter>
    </ClInclude>
    <ClInclude Include="..\..\Plugins\SoraGUIChan\guichan\widgets\tabbedarea.hpp">
      <Filter>Plugins\SoraGUIChan\GUIChan</Filter>
    </ClInclude>
    <ClInclude Include="..\..\Plugins\SoraGUIChan\guichan\widgets\textbox.hpp">
      <Filter>Plugins\SoraGUIChan\GUIChan</Filter>
    </ClInclude>
    <ClInclude Include="..\..\Plugins\SoraGUIChan\guichan\widgets\textfield.hpp">
      <Filter>Plugins\SoraGUIChan\GUIChan</Filter>
    </ClInclude>
    <ClInclude Include="..\..\Plugins\SoraGUIChan\guichan\widgets\window.hpp">
      <Filter>Plugins\SoraGUIChan\GUIChan</Filter>
    </ClInclude>
    <ClInclude Include="..\..\Plugins\SoraGUIChan\guichansetup.h">
      <Filter>Plugins\SoraGUIChan</Filter>
    </ClInclude>
    <ClInclude Include="..\..\SoraParticleEditor\editorWindow.h">
      <Filter>源文件</Filter>
    </ClInclude>
    <ClInclude Include="..\..\Plugins\DarkLib\FileDlg.h">
      <Filter>Plugins\Darklib</Filter>
    </ClInclude>
    <ClInclude Include="..\..\Plugins\DarkLib\FolderDlg.h">
      <Filter>Plugins\Darklib</Filter>
    </ClInclude>
  </ItemGroup>
  <ItemGroup>
    <ClCompile Include="..\..\Sora\CoreTransform.cpp">
      <Filter>Sora</Filter>
    </ClCompile>
    <ClCompile Include="..\..\Sora\Defaults\orz.c">
      <Filter>Sora</Filter>
    </ClCompile>
    <ClCompile Include="..\..\Sora\Experimental\FolderTree.cpp">
      <Filter>Sora</Filter>
    </ClCompile>
    <ClCompile Include="..\..\Sora\Experimental\memory.cpp">
      <Filter>Sora</Filter>
    </ClCompile>
    <ClCompile Include="..\..\Sora\Experimental\state_test.cpp">
      <Filter>Sora</Filter>
    </ClCompile>
    <ClCompile Include="..\..\Sora\graphicEffects.cpp">
      <Filter>Sora</Filter>
    </ClCompile>
    <ClCompile Include="..\..\Sora\hgerect.cpp">
      <Filter>Sora</Filter>
    </ClCompile>
    <ClCompile Include="..\..\Sora\hgevector.cpp">
      <Filter>Sora</Filter>
    </ClCompile>
    <ClCompile Include="..\..\Sora\llexer\llexer.cpp">
      <Filter>Sora</Filter>
    </ClCompile>
    <ClCompile Include="..\..\Sora\md5lib.cpp">
      <Filter>Sora</Filter>
    </ClCompile>
    <ClCompile Include="..\..\Sora\Random\SFMT.c">
      <Filter>Sora</Filter>
    </ClCompile>
    <ClCompile Include="..\..\Sora\SoraCore.cpp">
      <Filter>Sora</Filter>
    </ClCompile>
    <ClCompile Include="..\..\Sora\SoraEvent.cpp">
      <Filter>Sora</Filter>
    </ClCompile>
    <ClCompile Include="..\..\Sora\SoraEventManager.cpp">
      <Filter>Sora</Filter>
    </ClCompile>
    <ClCompile Include="..\..\Sora\SoraFolderResourceManager.cpp">
      <Filter>Sora</Filter>
    </ClCompile>
    <ClCompile Include="..\..\Sora\SoraImageEffect.cpp">
      <Filter>Sora</Filter>
    </ClCompile>
    <ClCompile Include="..\..\Sora\SoraLocalizer.cpp">
      <Filter>Sora</Filter>
    </ClCompile>
    <ClCompile Include="..\..\Sora\SoraObject.cpp">
      <Filter>Sora</Filter>
    </ClCompile>
    <ClCompile Include="..\..\Sora\SoraPluginManger.cpp">
      <Filter>Sora</Filter>
    </ClCompile>
    <ClCompile Include="..\..\Sora\SoraResourceFileFinder.cpp">
      <Filter>Sora</Filter>
    </ClCompile>
    <ClCompile Include="..\..\Sora\SoraShader.cpp">
      <Filter>Sora</Filter>
    </ClCompile>
    <ClCompile Include="..\..\Sora\SoraSprite.cpp">
      <Filter>Sora</Filter>
    </ClCompile>
    <ClCompile Include="..\..\Sora\SoraStringConv.cpp">
      <Filter>Sora</Filter>
    </ClCompile>
    <ClCompile Include="..\..\Sora\SoraTexture.cpp">
      <Filter>Sora</Filter>
    </ClCompile>
    <ClCompile Include="..\..\Sora\SoraTimerEvent.cpp">
      <Filter>Sora</Filter>
    </ClCompile>
    <ClCompile Include="..\..\Sora\tinyXML\tinystr.cpp">
      <Filter>Sora</Filter>
    </ClCompile>
    <ClCompile Include="..\..\Sora\tinyXML\tinyxml.cpp">
      <Filter>Sora</Filter>
    </ClCompile>
    <ClCompile Include="..\..\Sora\tinyXML\tinyxmlerror.cpp">
      <Filter>Sora</Filter>
    </ClCompile>
    <ClCompile Include="..\..\Sora\tinyXML\tinyxmlparser.cpp">
      <Filter>Sora</Filter>
    </ClCompile>
    <ClCompile Include="..\..\Sora\win32filewrapper.cpp">
      <Filter>Sora</Filter>
    </ClCompile>
    <ClCompile Include="..\..\Sora\ZLIB\adler32.c">
      <Filter>Sora</Filter>
    </ClCompile>
    <ClCompile Include="..\..\Sora\ZLIB\compress.c">
      <Filter>Sora</Filter>
    </ClCompile>
    <ClCompile Include="..\..\Sora\ZLIB\crc32.c">
      <Filter>Sora</Filter>
    </ClCompile>
    <ClCompile Include="..\..\Sora\ZLIB\deflate.c">
      <Filter>Sora</Filter>
    </ClCompile>
    <ClCompile Include="..\..\Sora\ZLIB\gzio.c">
      <Filter>Sora</Filter>
    </ClCompile>
    <ClCompile Include="..\..\Sora\ZLIB\infback.c">
      <Filter>Sora</Filter>
    </ClCompile>
    <ClCompile Include="..\..\Sora\ZLIB\inffast.c">
      <Filter>Sora</Filter>
    </ClCompile>
    <ClCompile Include="..\..\Sora\ZLIB\inflate.c">
      <Filter>Sora</Filter>
    </ClCompile>
    <ClCompile Include="..\..\Sora\ZLIB\inftrees.c">
      <Filter>Sora</Filter>
    </ClCompile>
    <ClCompile Include="..\..\Sora\ZLIB\ioapi.c">
      <Filter>Sora</Filter>
    </ClCompile>
    <ClCompile Include="..\..\Sora\ZLIB\iowin32.c">
      <Filter>Sora</Filter>
    </ClCompile>
    <ClCompile Include="..\..\Sora\ZLIB\mztools.c">
      <Filter>Sora</Filter>
    </ClCompile>
    <ClCompile Include="..\..\Sora\ZLIB\trees.c">
      <Filter>Sora</Filter>
    </ClCompile>
    <ClCompile Include="..\..\Sora\ZLIB\uncompr.c">
      <Filter>Sora</Filter>
    </ClCompile>
    <ClCompile Include="..\..\Sora\ZLIB\unzip.c">
      <Filter>Sora</Filter>
    </ClCompile>
    <ClCompile Include="..\..\Sora\ZLIB\zip.c">
      <Filter>Sora</Filter>
    </ClCompile>
    <ClCompile Include="..\..\Sora\ZLIB\zutil.c">
      <Filter>Sora</Filter>
    </ClCompile>
    <ClCompile Include="main.cpp">
      <Filter>源文件</Filter>
    </ClCompile>
    <ClCompile Include="..\..\Plugins\SoraHGERenderer\SoraHGERenderer.cpp">
      <Filter>Plugins\SoraHGERenderer</Filter>
    </ClCompile>
    <ClCompile Include="..\..\Plugins\SoraHGERenderer\SoraHGEInput.cpp">
      <Filter>Plugins\SoraHGERenderer</Filter>
    </ClCompile>
    <ClCompile Include="..\..\Plugins\SoraHGERenderer\hge\hgegraphics.cpp">
      <Filter>Plugins\SoraHGERenderer</Filter>
    </ClCompile>
    <ClCompile Include="..\..\Plugins\SoraHGERenderer\hge\hgeinput.cpp">
      <Filter>Plugins\SoraHGERenderer</Filter>
    </ClCompile>
    <ClCompile Include="..\..\Plugins\SoraHGERenderer\hge\hgeresource.cpp">
      <Filter>Plugins\SoraHGERenderer</Filter>
    </ClCompile>
    <ClCompile Include="..\..\Plugins\SoraHGERenderer\hge\hgesprite.cpp">
      <Filter>Plugins\SoraHGERenderer</Filter>
    </ClCompile>
    <ClCompile Include="..\..\Plugins\SoraHGERenderer\hge\hgesystem.cpp">
      <Filter>Plugins\SoraHGERenderer</Filter>
    </ClCompile>
    <ClCompile Include="..\..\Plugins\SoraZipResourceManager\PackReader.cpp">
      <Filter>Plugins\SoraZipResourceManager</Filter>
    </ClCompile>
    <ClCompile Include="..\..\Plugins\SoraZipResourceManager\SoraZipFile.cpp">
      <Filter>Plugins\SoraZipResourceManager</Filter>
    </ClCompile>
    <ClCompile Include="..\..\Plugins\SoraZipResourceManager\SoraZipResourceManager.cpp">
      <Filter>Plugins\SoraZipResourceManager</Filter>
    </ClCompile>
    <ClCompile Include="..\..\Plugins\SoraZipResourceManager\MyFileReader.cpp">
      <Filter>Plugins\SoraZipResourceManager</Filter>
    </ClCompile>
    <ClCompile Include="..\..\Plugins\SoraZipResourceManager\PackMemory.cpp">
      <Filter>Plugins\SoraZipResourceManager</Filter>
    </ClCompile>
    <ClCompile Include="..\..\Plugins\SoraFreetypeFont\SoraFTFontManager.cpp">
      <Filter>Plugins\SoraFTFont</Filter>
    </ClCompile>
    <ClCompile Include="..\..\Plugins\SoraFreetypeFont\SoraFreetypeFont.cpp">
      <Filter>Plugins\SoraFTFont</Filter>
    </ClCompile>
    <ClCompile Include="..\..\Plugins\SoraParticleSystem\SoraParticleSystem.cpp">
      <Filter>Plugins\SoraParticleSystem</Filter>
    </ClCompile>
    <ClCompile Include="..\..\Plugins\SoraGUIChan\soraguifont.cpp">
      <Filter>Plugins\SoraGUIChan</Filter>
    </ClCompile>
    <ClCompile Include="..\..\Plugins\SoraGUIChan\soraguigraphics.cpp">
      <Filter>Plugins\SoraGUIChan</Filter>
    </ClCompile>
    <ClCompile Include="..\..\Plugins\SoraGUIChan\soraguiimage.cpp">
      <Filter>Plugins\SoraGUIChan</Filter>
    </ClCompile>
    <ClCompile Include="..\..\Plugins\SoraGUIChan\soraguiimageloader.cpp">
      <Filter>Plugins\SoraGUIChan</Filter>
    </ClCompile>
    <ClCompile Include="..\..\Plugins\SoraGUIChan\soraguiinput.cpp">
      <Filter>Plugins\SoraGUIChan</Filter>
    </ClCompile>
    <ClCompile Include="..\..\Plugins\SoraGUIChan\xmlgui.cpp">
      <Filter>Plugins\SoraGUIChan</Filter>
    </ClCompile>
    <ClCompile Include="..\..\Plugins\SoraGUIChan\guichan\actionevent.cpp">
      <Filter>Plugins\SoraGUIChan\GUIChan</Filter>
    </ClCompile>
    <ClCompile Include="..\..\Plugins\SoraGUIChan\guichan\basiccontainer.cpp">
      <Filter>Plugins\SoraGUIChan\GUIChan</Filter>
    </ClCompile>
    <ClCompile Include="..\..\Plugins\SoraGUIChan\guichan\cliprectangle.cpp">
      <Filter>Plugins\SoraGUIChan\GUIChan</Filter>
    </ClCompile>
    <ClCompile Include="..\..\Plugins\SoraGUIChan\guichan\color.cpp">
      <Filter>Plugins\SoraGUIChan\GUIChan</Filter>
    </ClCompile>
    <ClCompile Include="..\..\Plugins\SoraGUIChan\guichan\contrib\widgets\adjustingcontainer.cpp">
      <Filter>Plugins\SoraGUIChan\GUIChan</Filter>
    </ClCompile>
    <ClCompile Include="..\..\Plugins\SoraGUIChan\guichan\defaultfont.cpp">
      <Filter>Plugins\SoraGUIChan\GUIChan</Filter>
    </ClCompile>
    <ClCompile Include="..\..\Plugins\SoraGUIChan\guichan\event.cpp">
      <Filter>Plugins\SoraGUIChan\GUIChan</Filter>
    </ClCompile>
    <ClCompile Include="..\..\Plugins\SoraGUIChan\guichan\exception.cpp">
      <Filter>Plugins\SoraGUIChan\GUIChan</Filter>
    </ClCompile>
    <ClCompile Include="..\..\Plugins\SoraGUIChan\guichan\focushandler.cpp">
      <Filter>Plugins\SoraGUIChan\GUIChan</Filter>
    </ClCompile>
    <ClCompile Include="..\..\Plugins\SoraGUIChan\guichan\font.cpp">
      <Filter>Plugins\SoraGUIChan\GUIChan</Filter>
    </ClCompile>
    <ClCompile Include="..\..\Plugins\SoraGUIChan\guichan\genericinput.cpp">
      <Filter>Plugins\SoraGUIChan\GUIChan</Filter>
    </ClCompile>
    <ClCompile Include="..\..\Plugins\SoraGUIChan\guichan\graphics.cpp">
      <Filter>Plugins\SoraGUIChan\GUIChan</Filter>
    </ClCompile>
    <ClCompile Include="..\..\Plugins\SoraGUIChan\guichan\gui.cpp">
      <Filter>Plugins\SoraGUIChan\GUIChan</Filter>
    </ClCompile>
    <ClCompile Include="..\..\Plugins\SoraGUIChan\guichan\guichan.cpp">
      <Filter>Plugins\SoraGUIChan\GUIChan</Filter>
    </ClCompile>
    <ClCompile Include="..\..\Plugins\SoraGUIChan\guichan\image.cpp">
      <Filter>Plugins\SoraGUIChan\GUIChan</Filter>
    </ClCompile>
    <ClCompile Include="..\..\Plugins\SoraGUIChan\guichan\imagefont.cpp">
      <Filter>Plugins\SoraGUIChan\GUIChan</Filter>
    </ClCompile>
    <ClCompile Include="..\..\Plugins\SoraGUIChan\guichan\inputevent.cpp">
      <Filter>Plugins\SoraGUIChan\GUIChan</Filter>
    </ClCompile>
    <ClCompile Include="..\..\Plugins\SoraGUIChan\guichan\key.cpp">
      <Filter>Plugins\SoraGUIChan\GUIChan</Filter>
    </ClCompile>
    <ClCompile Include="..\..\Plugins\SoraGUIChan\guichan\keyevent.cpp">
      <Filter>Plugins\SoraGUIChan\GUIChan</Filter>
    </ClCompile>
    <ClCompile Include="..\..\Plugins\SoraGUIChan\guichan\keyinput.cpp">
      <Filter>Plugins\SoraGUIChan\GUIChan</Filter>
    </ClCompile>
    <ClCompile Include="..\..\Plugins\SoraGUIChan\guichan\mouseevent.cpp">
      <Filter>Plugins\SoraGUIChan\GUIChan</Filter>
    </ClCompile>
    <ClCompile Include="..\..\Plugins\SoraGUIChan\guichan\mouseinput.cpp">
      <Filter>Plugins\SoraGUIChan\GUIChan</Filter>
    </ClCompile>
    <ClCompile Include="..\..\Plugins\SoraGUIChan\guichan\rectangle.cpp">
      <Filter>Plugins\SoraGUIChan\GUIChan</Filter>
    </ClCompile>
    <ClCompile Include="..\..\Plugins\SoraGUIChan\guichan\selectionevent.cpp">
      <Filter>Plugins\SoraGUIChan\GUIChan</Filter>
    </ClCompile>
    <ClCompile Include="..\..\Plugins\SoraGUIChan\guichan\StringConv.cpp">
      <Filter>Plugins\SoraGUIChan\GUIChan</Filter>
    </ClCompile>
    <ClCompile Include="..\..\Plugins\SoraGUIChan\guichan\widget.cpp">
      <Filter>Plugins\SoraGUIChan\GUIChan</Filter>
    </ClCompile>
    <ClCompile Include="..\..\Plugins\SoraGUIChan\guichan\widgets\button.cpp">
      <Filter>Plugins\SoraGUIChan\GUIChan</Filter>
    </ClCompile>
    <ClCompile Include="..\..\Plugins\SoraGUIChan\guichan\widgets\checkbox.cpp">
      <Filter>Plugins\SoraGUIChan\GUIChan</Filter>
    </ClCompile>
    <ClCompile Include="..\..\Plugins\SoraGUIChan\guichan\widgets\container.cpp">
      <Filter>Plugins\SoraGUIChan\GUIChan</Filter>
    </ClCompile>
    <ClCompile Include="..\..\Plugins\SoraGUIChan\guichan\widgets\dropdown.cpp">
      <Filter>Plugins\SoraGUIChan\GUIChan</Filter>
    </ClCompile>
    <ClCompile Include="..\..\Plugins\SoraGUIChan\guichan\widgets\icon.cpp">
      <Filter>Plugins\SoraGUIChan\GUIChan</Filter>
    </ClCompile>
    <ClCompile Include="..\..\Plugins\SoraGUIChan\guichan\widgets\imagebutton.cpp">
      <Filter>Plugins\SoraGUIChan\GUIChan</Filter>
    </ClCompile>
    <ClCompile Include="..\..\Plugins\SoraGUIChan\guichan\widgets\label.cpp">
      <Filter>Plugins\SoraGUIChan\GUIChan</Filter>
    </ClCompile>
    <ClCompile Include="..\..\Plugins\SoraGUIChan\guichan\widgets\listbox.cpp">
      <Filter>Plugins\SoraGUIChan\GUIChan</Filter>
    </ClCompile>
    <ClCompile Include="..\..\Plugins\SoraGUIChan\guichan\widgets\radiobutton.cpp">
      <Filter>Plugins\SoraGUIChan\GUIChan</Filter>
    </ClCompile>
    <ClCompile Include="..\..\Plugins\SoraGUIChan\guichan\widgets\scrollarea.cpp">
      <Filter>Plugins\SoraGUIChan\GUIChan</Filter>
    </ClCompile>
    <ClCompile Include="..\..\Plugins\SoraGUIChan\guichan\widgets\slider.cpp">
      <Filter>Plugins\SoraGUIChan\GUIChan</Filter>
    </ClCompile>
    <ClCompile Include="..\..\Plugins\SoraGUIChan\guichan\widgets\tab.cpp">
      <Filter>Plugins\SoraGUIChan\GUIChan</Filter>
    </ClCompile>
    <ClCompile Include="..\..\Plugins\SoraGUIChan\guichan\widgets\tabbedarea.cpp">
      <Filter>Plugins\SoraGUIChan\GUIChan</Filter>
    </ClCompile>
    <ClCompile Include="..\..\Plugins\SoraGUIChan\guichan\widgets\textbox.cpp">
      <Filter>Plugins\SoraGUIChan\GUIChan</Filter>
    </ClCompile>
    <ClCompile Include="..\..\Plugins\SoraGUIChan\guichan\widgets\textfield.cpp">
      <Filter>Plugins\SoraGUIChan\GUIChan</Filter>
    </ClCompile>
    <ClCompile Include="..\..\Plugins\SoraGUIChan\guichan\widgets\window.cpp">
      <Filter>Plugins\SoraGUIChan\GUIChan</Filter>
    </ClCompile>
    <ClCompile Include="..\..\SoraParticleEditor\editorWindow.cpp">
      <Filter>源文件</Filter>
    </ClCompile>
    <ClCompile Include="..\..\Plugins\DarkLib\FolderDlg.cpp">
      <Filter>Plugins\Darklib</Filter>
    </ClCompile>
    <ClCompile Include="..\..\Plugins\DarkLib\FileDlg.cpp">
      <Filter>Plugins\Darklib</Filter>
    </ClCompile>
  </ItemGroup>
</Project>